
Microsoft Visual Studio Solution File, Format Version 12.00
# Visual Studio Version 16
VisualStudioVersion = 16.0.29613.14
MinimumVisualStudioVersion = 10.0.40219.1
Project("{FAE04EC0-301F-11D3-BF4B-00C04F79EFBC}") = "Singleton", "Singleton\Singleton.csproj", "{02F22734-47C3-416C-90C8-463FCADB8DE7}"
EndProject
Project("{FAE04EC0-301F-11D3-BF4B-00C04F79EFBC}") = "Factory", "Factory\Factory.csproj", "{26DE13EE-4359-4439-A3A5-5B13335229EC}"
EndProject
Project("{FAE04EC0-301F-11D3-BF4B-00C04F79EFBC}") = "AbstractFactory", "AbstractFactory\AbstractFactory.csproj", "{D1416CCF-0103-4EA7-B0DF-F86C9717F19D}"
EndProject
Project("{FAE04EC0-301F-11D3-BF4B-00C04F79EFBC}") = "Builder", "Builder\Builder.csproj", "{FC3BEC23-B34D-4458-9C05-1C0E6A734423}"
EndProject
Project("{FAE04EC0-301F-11D3-BF4B-00C04F79EFBC}") = "Prototype", "Prototype\Prototype.csproj", "{28AF4D1E-EABE-4191-9FA4-AE9D2B76503C}"
EndProject
Project("{2150E333-8FDC-42A3-9474-1A3956D46DE8}") = "Creational", "Creational", "{93E14B10-8EAE-4EF3-B871-F8013454064A}"
EndProject
Project("{2150E333-8FDC-42A3-9474-1A3956D46DE8}") = "Structural", "Structural", "{32CFDFEC-790F-4C23-AF28-8DDBBAF6D698}"
EndProject
Project("{FAE04EC0-301F-11D3-BF4B-00C04F79EFBC}") = "Adapter", "Adapter\Adapter.csproj", "{5192BE49-01DA-40D4-BD7D-2EC82C475D40}"
EndProject
Project("{FAE04EC0-301F-11D3-BF4B-00C04F79EFBC}") = "Bridge", "Bridge\Bridge.csproj", "{297506BE-E7E6-479C-A142-E85E7264E272}"
EndProject
Project("{FAE04EC0-301F-11D3-BF4B-00C04F79EFBC}") = "Composite", "Composite\Composite.csproj", "{FAE611D8-A1CA-4E67-A833-8214FADADE7B}"
EndProject
Project("{FAE04EC0-301F-11D3-BF4B-00C04F79EFBC}") = "Decorator", "Decorator\Decorator.csproj", "{E65DFEE6-FDF4-4279-A3E7-2AFE691A1539}"
EndProject
Project("{FAE04EC0-301F-11D3-BF4B-00C04F79EFBC}") = "Facade", "Facade\Facade.csproj", "{BA7BCBB0-6571-4245-8A60-EF879EEC2B5B}"
EndProject
Project("{FAE04EC0-301F-11D3-BF4B-00C04F79EFBC}") = "Flyweight", "Flyweight\Flyweight.csproj", "{8DB9205E-737D-465E-9596-99914F2B0BD5}"
EndProject
Project("{FAE04EC0-301F-11D3-BF4B-00C04F79EFBC}") = "Proxy", "Proxy\Proxy.csproj", "{954DAEF3-071F-40AC-99CB-5D1390D4733C}"
EndProject
Project("{2150E333-8FDC-42A3-9474-1A3956D46DE8}") = "Behavioural", "Behavioural", "{0103A093-DF4D-4C33-AA7B-B49E5E24872C}"
EndProject
Project("{FAE04EC0-301F-11D3-BF4B-00C04F79EFBC}") = "Command", "Command\Command.csproj", "{6C7A8562-3C90-477B-9108-33CDB3967828}"
EndProject
Project("{FAE04EC0-301F-11D3-BF4B-00C04F79EFBC}") = "Iterator", "Iterator\Iterator.csproj", "{73325E7F-C23C-4E5A-87A6-FC78040C7F5F}"
EndProject
Project("{FAE04EC0-301F-11D3-BF4B-00C04F79EFBC}") = "Mediator", "Mediator\Mediator.csproj", "{501A387F-7752-456E-A3B4-532AB9D245EB}"
EndProject
Project("{FAE04EC0-301F-11D3-BF4B-00C04F79EFBC}") = "Observer", "Observer\Observer.csproj", "{1372475C-B69D-4ED1-83A6-ED98E17AF6B3}"
EndProject
Project("{FAE04EC0-301F-11D3-BF4B-00C04F79EFBC}") = "Strategy", "Strategy\Strategy.csproj", "{E5B2F06F-A395-42DF-A6F2-743250DA8502}"
EndProject
Project("{FAE04EC0-301F-11D3-BF4B-00C04F79EFBC}") = "Template", "Template\Template.csproj", "{22588386-CBF5-46A8-9FBD-F87C003D4060}"
EndProject
Project("{FAE04EC0-301F-11D3-BF4B-00C04F79EFBC}") = "Visitor", "Visitor\Visitor.csproj", "{E965BA75-DD55-4EAB-84D8-BAFDC41A0646}"
EndProject
Project("{FAE04EC0-301F-11D3-BF4B-00C04F79EFBC}") = "State", "State\State.csproj", "{BD7E3E58-79C0-4C6A-A657-C22E69C272D8}"
EndProject
Global
	GlobalSection(SolutionConfigurationPlatforms) = preSolution
		Debug|Any CPU = Debug|Any CPU
		Release|Any CPU = Release|Any CPU
	EndGlobalSection
	GlobalSection(ProjectConfigurationPlatforms) = postSolution
		{02F22734-47C3-416C-90C8-463FCADB8DE7}.Debug|Any CPU.ActiveCfg = Debug|Any CPU
		{02F22734-47C3-416C-90C8-463FCADB8DE7}.Debug|Any CPU.Build.0 = Debug|Any CPU
		{02F22734-47C3-416C-90C8-463FCADB8DE7}.Release|Any CPU.ActiveCfg = Release|Any CPU
		{02F22734-47C3-416C-90C8-463FCADB8DE7}.Release|Any CPU.Build.0 = Release|Any CPU
		{26DE13EE-4359-4439-A3A5-5B13335229EC}.Debug|Any CPU.ActiveCfg = Debug|Any CPU
		{26DE13EE-4359-4439-A3A5-5B13335229EC}.Debug|Any CPU.Build.0 = Debug|Any CPU
		{26DE13EE-4359-4439-A3A5-5B13335229EC}.Release|Any CPU.ActiveCfg = Release|Any CPU
		{26DE13EE-4359-4439-A3A5-5B13335229EC}.Release|Any CPU.Build.0 = Release|Any CPU
		{D1416CCF-0103-4EA7-B0DF-F86C9717F19D}.Debug|Any CPU.ActiveCfg = Debug|Any CPU
		{D1416CCF-0103-4EA7-B0DF-F86C9717F19D}.Debug|Any CPU.Build.0 = Debug|Any CPU
		{D1416CCF-0103-4EA7-B0DF-F86C9717F19D}.Release|Any CPU.ActiveCfg = Release|Any CPU
		{D1416CCF-0103-4EA7-B0DF-F86C9717F19D}.Release|Any CPU.Build.0 = Release|Any CPU
		{FC3BEC23-B34D-4458-9C05-1C0E6A734423}.Debug|Any CPU.ActiveCfg = Debug|Any CPU
		{FC3BEC23-B34D-4458-9C05-1C0E6A734423}.Debug|Any CPU.Build.0 = Debug|Any CPU
		{FC3BEC23-B34D-4458-9C05-1C0E6A734423}.Release|Any CPU.ActiveCfg = Release|Any CPU
		{FC3BEC23-B34D-4458-9C05-1C0E6A734423}.Release|Any CPU.Build.0 = Release|Any CPU
		{28AF4D1E-EABE-4191-9FA4-AE9D2B76503C}.Debug|Any CPU.ActiveCfg = Debug|Any CPU
		{28AF4D1E-EABE-4191-9FA4-AE9D2B76503C}.Debug|Any CPU.Build.0 = Debug|Any CPU
		{28AF4D1E-EABE-4191-9FA4-AE9D2B76503C}.Release|Any CPU.ActiveCfg = Release|Any CPU
		{28AF4D1E-EABE-4191-9FA4-AE9D2B76503C}.Release|Any CPU.Build.0 = Release|Any CPU
		{5192BE49-01DA-40D4-BD7D-2EC82C475D40}.Debug|Any CPU.ActiveCfg = Debug|Any CPU
		{5192BE49-01DA-40D4-BD7D-2EC82C475D40}.Debug|Any CPU.Build.0 = Debug|Any CPU
		{5192BE49-01DA-40D4-BD7D-2EC82C475D40}.Release|Any CPU.ActiveCfg = Release|Any CPU
		{5192BE49-01DA-40D4-BD7D-2EC82C475D40}.Release|Any CPU.Build.0 = Release|Any CPU
		{297506BE-E7E6-479C-A142-E85E7264E272}.Debug|Any CPU.ActiveCfg = Debug|Any CPU
		{297506BE-E7E6-479C-A142-E85E7264E272}.Debug|Any CPU.Build.0 = Debug|Any CPU
		{297506BE-E7E6-479C-A142-E85E7264E272}.Release|Any CPU.ActiveCfg = Release|Any CPU
		{297506BE-E7E6-479C-A142-E85E7264E272}.Release|Any CPU.Build.0 = Release|Any CPU
		{FAE611D8-A1CA-4E67-A833-8214FADADE7B}.Debug|Any CPU.ActiveCfg = Debug|Any CPU
		{FAE611D8-A1CA-4E67-A833-8214FADADE7B}.Debug|Any CPU.Build.0 = Debug|Any CPU
		{FAE611D8-A1CA-4E67-A833-8214FADADE7B}.Release|Any CPU.ActiveCfg = Release|Any CPU
		{FAE611D8-A1CA-4E67-A833-8214FADADE7B}.Release|Any CPU.Build.0 = Release|Any CPU
		{E65DFEE6-FDF4-4279-A3E7-2AFE691A1539}.Debug|Any CPU.ActiveCfg = Debug|Any CPU
		{E65DFEE6-FDF4-4279-A3E7-2AFE691A1539}.Debug|Any CPU.Build.0 = Debug|Any CPU
		{E65DFEE6-FDF4-4279-A3E7-2AFE691A1539}.Release|Any CPU.ActiveCfg = Release|Any CPU
		{E65DFEE6-FDF4-4279-A3E7-2AFE691A1539}.Release|Any CPU.Build.0 = Release|Any CPU
		{BA7BCBB0-6571-4245-8A60-EF879EEC2B5B}.Debug|Any CPU.ActiveCfg = Debug|Any CPU
		{BA7BCBB0-6571-4245-8A60-EF879EEC2B5B}.Debug|Any CPU.Build.0 = Debug|Any CPU
		{BA7BCBB0-6571-4245-8A60-EF879EEC2B5B}.Release|Any CPU.ActiveCfg = Release|Any CPU
		{BA7BCBB0-6571-4245-8A60-EF879EEC2B5B}.Release|Any CPU.Build.0 = Release|Any CPU
		{8DB9205E-737D-465E-9596-99914F2B0BD5}.Debug|Any CPU.ActiveCfg = Debug|Any CPU
		{8DB9205E-737D-465E-9596-99914F2B0BD5}.Debug|Any CPU.Build.0 = Debug|Any CPU
		{8DB9205E-737D-465E-9596-99914F2B0BD5}.Release|Any CPU.ActiveCfg = Release|Any CPU
		{8DB9205E-737D-465E-9596-99914F2B0BD5}.Release|Any CPU.Build.0 = Release|Any CPU
		{954DAEF3-071F-40AC-99CB-5D1390D4733C}.Debug|Any CPU.ActiveCfg = Debug|Any CPU
		{954DAEF3-071F-40AC-99CB-5D1390D4733C}.Debug|Any CPU.Build.0 = Debug|Any CPU
		{954DAEF3-071F-40AC-99CB-5D1390D4733C}.Release|Any CPU.ActiveCfg = Release|Any CPU
		{954DAEF3-071F-40AC-99CB-5D1390D4733C}.Release|Any CPU.Build.0 = Release|Any CPU
		{6C7A8562-3C90-477B-9108-33CDB3967828}.Debug|Any CPU.ActiveCfg = Debug|Any CPU
		{6C7A8562-3C90-477B-9108-33CDB3967828}.Debug|Any CPU.Build.0 = Debug|Any CPU
		{6C7A8562-3C90-477B-9108-33CDB3967828}.Release|Any CPU.ActiveCfg = Release|Any CPU
		{6C7A8562-3C90-477B-9108-33CDB3967828}.Release|Any CPU.Build.0 = Release|Any CPU
		{73325E7F-C23C-4E5A-87A6-FC78040C7F5F}.Debug|Any CPU.ActiveCfg = Debug|Any CPU
		{73325E7F-C23C-4E5A-87A6-FC78040C7F5F}.Debug|Any CPU.Build.0 = Debug|Any CPU
		{73325E7F-C23C-4E5A-87A6-FC78040C7F5F}.Release|Any CPU.ActiveCfg = Release|Any CPU
		{73325E7F-C23C-4E5A-87A6-FC78040C7F5F}.Release|Any CPU.Build.0 = Release|Any CPU
		{501A387F-7752-456E-A3B4-532AB9D245EB}.Debug|Any CPU.ActiveCfg = Debug|Any CPU
		{501A387F-7752-456E-A3B4-532AB9D245EB}.Debug|Any CPU.Build.0 = Debug|Any CPU
		{501A387F-7752-456E-A3B4-532AB9D245EB}.Release|Any CPU.ActiveCfg = Release|Any CPU
		{501A387F-7752-456E-A3B4-532AB9D245EB}.Release|Any CPU.Build.0 = Release|Any CPU
		{1372475C-B69D-4ED1-83A6-ED98E17AF6B3}.Debug|Any CPU.ActiveCfg = Debug|Any CPU
		{1372475C-B69D-4ED1-83A6-ED98E17AF6B3}.Debug|Any CPU.Build.0 = Debug|Any CPU
		{1372475C-B69D-4ED1-83A6-ED98E17AF6B3}.Release|Any CPU.ActiveCfg = Release|Any CPU
		{1372475C-B69D-4ED1-83A6-ED98E17AF6B3}.Release|Any CPU.Build.0 = Release|Any CPU
		{E5B2F06F-A395-42DF-A6F2-743250DA8502}.Debug|Any CPU.ActiveCfg = Debug|Any CPU
		{E5B2F06F-A395-42DF-A6F2-743250DA8502}.Debug|Any CPU.Build.0 = Debug|Any CPU
		{E5B2F06F-A395-42DF-A6F2-743250DA8502}.Release|Any CPU.ActiveCfg = Release|Any CPU
		{E5B2F06F-A395-42DF-A6F2-743250DA8502}.Release|Any CPU.Build.0 = Release|Any CPU
		{22588386-CBF5-46A8-9FBD-F87C003D4060}.Debug|Any CPU.ActiveCfg = Debug|Any CPU
		{22588386-CBF5-46A8-9FBD-F87C003D4060}.Debug|Any CPU.Build.0 = Debug|Any CPU
		{22588386-CBF5-46A8-9FBD-F87C003D4060}.Release|Any CPU.ActiveCfg = Release|Any CPU
		{22588386-CBF5-46A8-9FBD-F87C003D4060}.Release|Any CPU.Build.0 = Release|Any CPU
		{E965BA75-DD55-4EAB-84D8-BAFDC41A0646}.Debug|Any CPU.ActiveCfg = Debug|Any CPU
		{E965BA75-DD55-4EAB-84D8-BAFDC41A0646}.Debug|Any CPU.Build.0 = Debug|Any CPU
		{E965BA75-DD55-4EAB-84D8-BAFDC41A0646}.Release|Any CPU.ActiveCfg = Release|Any CPU
		{E965BA75-DD55-4EAB-84D8-BAFDC41A0646}.Release|Any CPU.Build.0 = Release|Any CPU
		{BD7E3E58-79C0-4C6A-A657-C22E69C272D8}.Debug|Any CPU.ActiveCfg = Debug|Any CPU
		{BD7E3E58-79C0-4C6A-A657-C22E69C272D8}.Debug|Any CPU.Build.0 = Debug|Any CPU
		{BD7E3E58-79C0-4C6A-A657-C22E69C272D8}.Release|Any CPU.ActiveCfg = Release|Any CPU
		{BD7E3E58-79C0-4C6A-A657-C22E69C272D8}.Release|Any CPU.Build.0 = Release|Any CPU
	EndGlobalSection
	GlobalSection(SolutionProperties) = preSolution
		HideSolutionNode = FALSE
	EndGlobalSection
	GlobalSection(NestedProjects) = preSolution
		{02F22734-47C3-416C-90C8-463FCADB8DE7} = {93E14B10-8EAE-4EF3-B871-F8013454064A}
		{26DE13EE-4359-4439-A3A5-5B13335229EC} = {93E14B10-8EAE-4EF3-B871-F8013454064A}
		{D1416CCF-0103-4EA7-B0DF-F86C9717F19D} = {93E14B10-8EAE-4EF3-B871-F8013454064A}
		{FC3BEC23-B34D-4458-9C05-1C0E6A734423} = {93E14B10-8EAE-4EF3-B871-F8013454064A}
		{28AF4D1E-EABE-4191-9FA4-AE9D2B76503C} = {93E14B10-8EAE-4EF3-B871-F8013454064A}
		{5192BE49-01DA-40D4-BD7D-2EC82C475D40} = {32CFDFEC-790F-4C23-AF28-8DDBBAF6D698}
		{297506BE-E7E6-479C-A142-E85E7264E272} = {32CFDFEC-790F-4C23-AF28-8DDBBAF6D698}
		{FAE611D8-A1CA-4E67-A833-8214FADADE7B} = {32CFDFEC-790F-4C23-AF28-8DDBBAF6D698}
		{E65DFEE6-FDF4-4279-A3E7-2AFE691A1539} = {32CFDFEC-790F-4C23-AF28-8DDBBAF6D698}
		{BA7BCBB0-6571-4245-8A60-EF879EEC2B5B} = {32CFDFEC-790F-4C23-AF28-8DDBBAF6D698}
		{8DB9205E-737D-465E-9596-99914F2B0BD5} = {32CFDFEC-790F-4C23-AF28-8DDBBAF6D698}
		{954DAEF3-071F-40AC-99CB-5D1390D4733C} = {32CFDFEC-790F-4C23-AF28-8DDBBAF6D698}
		{6C7A8562-3C90-477B-9108-33CDB3967828} = {0103A093-DF4D-4C33-AA7B-B49E5E24872C}
		{73325E7F-C23C-4E5A-87A6-FC78040C7F5F} = {0103A093-DF4D-4C33-AA7B-B49E5E24872C}
		{501A387F-7752-456E-A3B4-532AB9D245EB} = {0103A093-DF4D-4C33-AA7B-B49E5E24872C}
		{1372475C-B69D-4ED1-83A6-ED98E17AF6B3} = {0103A093-DF4D-4C33-AA7B-B49E5E24872C}
		{E5B2F06F-A395-42DF-A6F2-743250DA8502} = {0103A093-DF4D-4C33-AA7B-B49E5E24872C}
		{22588386-CBF5-46A8-9FBD-F87C003D4060} = {0103A093-DF4D-4C33-AA7B-B49E5E24872C}
		{E965BA75-DD55-4EAB-84D8-BAFDC41A0646} = {0103A093-DF4D-4C33-AA7B-B49E5E24872C}
		{BD7E3E58-79C0-4C6A-A657-C22E69C272D8} = {0103A093-DF4D-4C33-AA7B-B49E5E24872C}
	EndGlobalSection
	GlobalSection(ExtensibilityGlobals) = postSolution
		SolutionGuid = {0C802B0B-A0B6-468A-9DC6-0F2158542CF3}
	EndGlobalSection
EndGlobal
